<?xml version="1.0" encoding="UTF-8"?>
<Project ToolsVersion="14.0" xmlns="http://schemas.microsoft.com/developer/msbuild/2003">
  <ItemGroup>
    <ClCompile Include="C:\MEDEA\src\Test\main.cpp">
      <Filter>Source Files</Filter>
    </ClCompile>
    <ClCompile Include="C:\MEDEA\src\Test\utils.cpp">
      <Filter>Source Files</Filter>
    </ClCompile>
    <ClCompile Include="C:\MEDEA\src\Test\modelcontrollertests.cpp">
      <Filter>Source Files</Filter>
    </ClCompile>
    <ClCompile Include="C:\MEDEA\buildrelease\Test\MEDEA_test_autogen\moc_compilation.cpp">
      <Filter>Source Files</Filter>
    </ClCompile>
    <ClCompile Include="C:\MEDEA\buildrelease\Test\MEDEA_test_autogen\EWIEGA46WW\qrc_models.cpp">
      <Filter>Source Files</Filter>
    </ClCompile>
  </ItemGroup>
  <ItemGroup>
    <ClInclude Include="C:\MEDEA\src\Test\utils.h">
      <Filter>Header Files</Filter>
    </ClInclude>
    <ClInclude Include="C:\MEDEA\src\Test\modelcontrollertests.h">
      <Filter>Header Files</Filter>
    </ClInclude>
  </ItemGroup>
  <ItemGroup>
    <CustomBuild Include="C:\MEDEA\src\Test\CMakeLists.txt" />
  </ItemGroup>
  <ItemGroup>
    <None Include="C:\MEDEA\src\Test\models.qrc" />
  </ItemGroup>
  <ItemGroup>
    <Filter Include="Source Files">
      <UniqueIdentifier>{295F378E-E62E-3C1A-8CA2-52B5B7416FBC}</UniqueIdentifier>
    </Filter>
    <Filter Include="Header Files">
      <UniqueIdentifier>{E0A6B5B5-686A-3D22-95A3-CF38FCC25C6C}</UniqueIdentifier>
    </Filter>
  </ItemGroup>
</Project>
