Microsoft Visual Studio Solution File, Format Version 12.00
# Visual Studio 14
Project("{8BC9CEB8-8B4A-11D0-8D11-00A0C91BC942}") = "ALL_BUILD", "ALL_BUILD.vcxproj", "{C2F74260-F9C9-34C1-AA75-CFB30530D9F2}"
	ProjectSection(ProjectDependencies) = postProject
		{BE293F5C-9CD0-3F4E-A352-F63B2444E782} = {BE293F5C-9CD0-3F4E-A352-F63B2444E782}
		{AA7009DD-A64A-3E4A-A876-DC2995075DCF} = {AA7009DD-A64A-3E4A-A876-DC2995075DCF}
		{DCF6C4EA-CB47-37F9-9C97-681AD1373940} = {DCF6C4EA-CB47-37F9-9C97-681AD1373940}
		{3383DF09-4BD0-351E-818E-5AB4340901AA} = {3383DF09-4BD0-351E-818E-5AB4340901AA}
	EndProjectSection
EndProject
Project("{8BC9CEB8-8B4A-11D0-8D11-00A0C91BC942}") = "INSTALL", "INSTALL.vcxproj", "{1856C9FA-BA54-3B72-A755-7E390BE88E84}"
	ProjectSection(ProjectDependencies) = postProject
		{C2F74260-F9C9-34C1-AA75-CFB30530D9F2} = {C2F74260-F9C9-34C1-AA75-CFB30530D9F2}
		{DCF6C4EA-CB47-37F9-9C97-681AD1373940} = {DCF6C4EA-CB47-37F9-9C97-681AD1373940}
	EndProjectSection
EndProject
Project("{8BC9CEB8-8B4A-11D0-8D11-00A0C91BC942}") = "MEDEA", "MEDEA.vcxproj", "{BE293F5C-9CD0-3F4E-A352-F63B2444E782}"
	ProjectSection(ProjectDependencies) = postProject
		{2F740AF8-1BEC-3FB2-8938-75E408CF6CD8} = {2F740AF8-1BEC-3FB2-8938-75E408CF6CD8}
		{DCF6C4EA-CB47-37F9-9C97-681AD1373940} = {DCF6C4EA-CB47-37F9-9C97-681AD1373940}
		{3383DF09-4BD0-351E-818E-5AB4340901AA} = {3383DF09-4BD0-351E-818E-5AB4340901AA}
	EndProjectSection
EndProject
Project("{8BC9CEB8-8B4A-11D0-8D11-00A0C91BC942}") = "MEDEA_autogen", "MEDEA_autogen.vcxproj", "{2F740AF8-1BEC-3FB2-8938-75E408CF6CD8}"
	ProjectSection(ProjectDependencies) = postProject
		{DCF6C4EA-CB47-37F9-9C97-681AD1373940} = {DCF6C4EA-CB47-37F9-9C97-681AD1373940}
	EndProjectSection
EndProject
Project("{8BC9CEB8-8B4A-11D0-8D11-00A0C91BC942}") = "MEDEA_test", "Test\MEDEA_test.vcxproj", "{AA7009DD-A64A-3E4A-A876-DC2995075DCF}"
	ProjectSection(ProjectDependencies) = postProject
		{69644E62-8D49-30F9-B78E-42A323E0CCE1} = {69644E62-8D49-30F9-B78E-42A323E0CCE1}
		{DCF6C4EA-CB47-37F9-9C97-681AD1373940} = {DCF6C4EA-CB47-37F9-9C97-681AD1373940}
		{3383DF09-4BD0-351E-818E-5AB4340901AA} = {3383DF09-4BD0-351E-818E-5AB4340901AA}
	EndProjectSection
EndProject
Project("{8BC9CEB8-8B4A-11D0-8D11-00A0C91BC942}") = "MEDEA_test_autogen", "Test\MEDEA_test_autogen.vcxproj", "{69644E62-8D49-30F9-B78E-42A323E0CCE1}"
	ProjectSection(ProjectDependencies) = postProject
		{DCF6C4EA-CB47-37F9-9C97-681AD1373940} = {DCF6C4EA-CB47-37F9-9C97-681AD1373940}
	EndProjectSection
EndProject
Project("{8BC9CEB8-8B4A-11D0-8D11-00A0C91BC942}") = "PACKAGE", "PACKAGE.vcxproj", "{510DB741-7266-3086-B6CC-20D021C2BB2A}"
	ProjectSection(ProjectDependencies) = postProject
		{C2F74260-F9C9-34C1-AA75-CFB30530D9F2} = {C2F74260-F9C9-34C1-AA75-CFB30530D9F2}
		{DCF6C4EA-CB47-37F9-9C97-681AD1373940} = {DCF6C4EA-CB47-37F9-9C97-681AD1373940}
	EndProjectSection
EndProject
Project("{8BC9CEB8-8B4A-11D0-8D11-00A0C91BC942}") = "ZERO_CHECK", "ZERO_CHECK.vcxproj", "{DCF6C4EA-CB47-37F9-9C97-681AD1373940}"
	ProjectSection(ProjectDependencies) = postProject
	EndProjectSection
EndProject
Project("{8BC9CEB8-8B4A-11D0-8D11-00A0C91BC942}") = "medea_modelcontroller", "ModelController\medea_modelcontroller.vcxproj", "{3383DF09-4BD0-351E-818E-5AB4340901AA}"
	ProjectSection(ProjectDependencies) = postProject
		{DCF6C4EA-CB47-37F9-9C97-681AD1373940} = {DCF6C4EA-CB47-37F9-9C97-681AD1373940}
		{06C50529-93ED-38E0-A651-CDD5A960CAF5} = {06C50529-93ED-38E0-A651-CDD5A960CAF5}
	EndProjectSection
EndProject
Project("{8BC9CEB8-8B4A-11D0-8D11-00A0C91BC942}") = "medea_modelcontroller_autogen", "ModelController\medea_modelcontroller_autogen.vcxproj", "{06C50529-93ED-38E0-A651-CDD5A960CAF5}"
	ProjectSection(ProjectDependencies) = postProject
		{DCF6C4EA-CB47-37F9-9C97-681AD1373940} = {DCF6C4EA-CB47-37F9-9C97-681AD1373940}
	EndProjectSection
EndProject
Global
	GlobalSection(SolutionConfigurationPlatforms) = preSolution
		Debug|x64 = Debug|x64
		Release|x64 = Release|x64
		MinSizeRel|x64 = MinSizeRel|x64
		RelWithDebInfo|x64 = RelWithDebInfo|x64
	EndGlobalSection
	GlobalSection(ProjectConfigurationPlatforms) = postSolution
		{C2F74260-F9C9-34C1-AA75-CFB30530D9F2}.Debug|x64.ActiveCfg = Debug|x64
		{C2F74260-F9C9-34C1-AA75-CFB30530D9F2}.Debug|x64.Build.0 = Debug|x64
		{C2F74260-F9C9-34C1-AA75-CFB30530D9F2}.Release|x64.ActiveCfg = Release|x64
		{C2F74260-F9C9-34C1-AA75-CFB30530D9F2}.Release|x64.Build.0 = Release|x64
		{C2F74260-F9C9-34C1-AA75-CFB30530D9F2}.MinSizeRel|x64.ActiveCfg = MinSizeRel|x64
		{C2F74260-F9C9-34C1-AA75-CFB30530D9F2}.MinSizeRel|x64.Build.0 = MinSizeRel|x64
		{C2F74260-F9C9-34C1-AA75-CFB30530D9F2}.RelWithDebInfo|x64.ActiveCfg = RelWithDebInfo|x64
		{C2F74260-F9C9-34C1-AA75-CFB30530D9F2}.RelWithDebInfo|x64.Build.0 = RelWithDebInfo|x64
		{1856C9FA-BA54-3B72-A755-7E390BE88E84}.Debug|x64.ActiveCfg = Debug|x64
		{1856C9FA-BA54-3B72-A755-7E390BE88E84}.Release|x64.ActiveCfg = Release|x64
		{1856C9FA-BA54-3B72-A755-7E390BE88E84}.MinSizeRel|x64.ActiveCfg = MinSizeRel|x64
		{1856C9FA-BA54-3B72-A755-7E390BE88E84}.RelWithDebInfo|x64.ActiveCfg = RelWithDebInfo|x64
		{BE293F5C-9CD0-3F4E-A352-F63B2444E782}.Debug|x64.ActiveCfg = Debug|x64
		{BE293F5C-9CD0-3F4E-A352-F63B2444E782}.Debug|x64.Build.0 = Debug|x64
		{BE293F5C-9CD0-3F4E-A352-F63B2444E782}.Release|x64.ActiveCfg = Release|x64
		{BE293F5C-9CD0-3F4E-A352-F63B2444E782}.Release|x64.Build.0 = Release|x64
		{BE293F5C-9CD0-3F4E-A352-F63B2444E782}.MinSizeRel|x64.ActiveCfg = MinSizeRel|x64
		{BE293F5C-9CD0-3F4E-A352-F63B2444E782}.MinSizeRel|x64.Build.0 = MinSizeRel|x64
		{BE293F5C-9CD0-3F4E-A352-F63B2444E782}.RelWithDebInfo|x64.ActiveCfg = RelWithDebInfo|x64
		{BE293F5C-9CD0-3F4E-A352-F63B2444E782}.RelWithDebInfo|x64.Build.0 = RelWithDebInfo|x64
		{2F740AF8-1BEC-3FB2-8938-75E408CF6CD8}.Debug|x64.ActiveCfg = Debug|x64
		{2F740AF8-1BEC-3FB2-8938-75E408CF6CD8}.Debug|x64.Build.0 = Debug|x64
		{2F740AF8-1BEC-3FB2-8938-75E408CF6CD8}.Release|x64.ActiveCfg = Release|x64
		{2F740AF8-1BEC-3FB2-8938-75E408CF6CD8}.Release|x64.Build.0 = Release|x64
		{2F740AF8-1BEC-3FB2-8938-75E408CF6CD8}.MinSizeRel|x64.ActiveCfg = MinSizeRel|x64
		{2F740AF8-1BEC-3FB2-8938-75E408CF6CD8}.MinSizeRel|x64.Build.0 = MinSizeRel|x64
		{2F740AF8-1BEC-3FB2-8938-75E408CF6CD8}.RelWithDebInfo|x64.ActiveCfg = RelWithDebInfo|x64
		{2F740AF8-1BEC-3FB2-8938-75E408CF6CD8}.RelWithDebInfo|x64.Build.0 = RelWithDebInfo|x64
		{AA7009DD-A64A-3E4A-A876-DC2995075DCF}.Debug|x64.ActiveCfg = Debug|x64
		{AA7009DD-A64A-3E4A-A876-DC2995075DCF}.Debug|x64.Build.0 = Debug|x64
		{AA7009DD-A64A-3E4A-A876-DC2995075DCF}.Release|x64.ActiveCfg = Release|x64
		{AA7009DD-A64A-3E4A-A876-DC2995075DCF}.Release|x64.Build.0 = Release|x64
		{AA7009DD-A64A-3E4A-A876-DC2995075DCF}.MinSizeRel|x64.ActiveCfg = MinSizeRel|x64
		{AA7009DD-A64A-3E4A-A876-DC2995075DCF}.MinSizeRel|x64.Build.0 = MinSizeRel|x64
		{AA7009DD-A64A-3E4A-A876-DC2995075DCF}.RelWithDebInfo|x64.ActiveCfg = RelWithDebInfo|x64
		{AA7009DD-A64A-3E4A-A876-DC2995075DCF}.RelWithDebInfo|x64.Build.0 = RelWithDebInfo|x64
		{69644E62-8D49-30F9-B78E-42A323E0CCE1}.Debug|x64.ActiveCfg = Debug|x64
		{69644E62-8D49-30F9-B78E-42A323E0CCE1}.Debug|x64.Build.0 = Debug|x64
		{69644E62-8D49-30F9-B78E-42A323E0CCE1}.Release|x64.ActiveCfg = Release|x64
		{69644E62-8D49-30F9-B78E-42A323E0CCE1}.Release|x64.Build.0 = Release|x64
		{69644E62-8D49-30F9-B78E-42A323E0CCE1}.MinSizeRel|x64.ActiveCfg = MinSizeRel|x64
		{69644E62-8D49-30F9-B78E-42A323E0CCE1}.MinSizeRel|x64.Build.0 = MinSizeRel|x64
		{69644E62-8D49-30F9-B78E-42A323E0CCE1}.RelWithDebInfo|x64.ActiveCfg = RelWithDebInfo|x64
		{69644E62-8D49-30F9-B78E-42A323E0CCE1}.RelWithDebInfo|x64.Build.0 = RelWithDebInfo|x64
		{510DB741-7266-3086-B6CC-20D021C2BB2A}.Debug|x64.ActiveCfg = Debug|x64
		{510DB741-7266-3086-B6CC-20D021C2BB2A}.Release|x64.ActiveCfg = Release|x64
		{510DB741-7266-3086-B6CC-20D021C2BB2A}.MinSizeRel|x64.ActiveCfg = MinSizeRel|x64
		{510DB741-7266-3086-B6CC-20D021C2BB2A}.RelWithDebInfo|x64.ActiveCfg = RelWithDebInfo|x64
		{DCF6C4EA-CB47-37F9-9C97-681AD1373940}.Debug|x64.ActiveCfg = Debug|x64
		{DCF6C4EA-CB47-37F9-9C97-681AD1373940}.Debug|x64.Build.0 = Debug|x64
		{DCF6C4EA-CB47-37F9-9C97-681AD1373940}.Release|x64.ActiveCfg = Release|x64
		{DCF6C4EA-CB47-37F9-9C97-681AD1373940}.Release|x64.Build.0 = Release|x64
		{DCF6C4EA-CB47-37F9-9C97-681AD1373940}.MinSizeRel|x64.ActiveCfg = MinSizeRel|x64
		{DCF6C4EA-CB47-37F9-9C97-681AD1373940}.MinSizeRel|x64.Build.0 = MinSizeRel|x64
		{DCF6C4EA-CB47-37F9-9C97-681AD1373940}.RelWithDebInfo|x64.ActiveCfg = RelWithDebInfo|x64
		{DCF6C4EA-CB47-37F9-9C97-681AD1373940}.RelWithDebInfo|x64.Build.0 = RelWithDebInfo|x64
		{3383DF09-4BD0-351E-818E-5AB4340901AA}.Debug|x64.ActiveCfg = Debug|x64
		{3383DF09-4BD0-351E-818E-5AB4340901AA}.Debug|x64.Build.0 = Debug|x64
		{3383DF09-4BD0-351E-818E-5AB4340901AA}.Release|x64.ActiveCfg = Release|x64
		{3383DF09-4BD0-351E-818E-5AB4340901AA}.Release|x64.Build.0 = Release|x64
		{3383DF09-4BD0-351E-818E-5AB4340901AA}.MinSizeRel|x64.ActiveCfg = MinSizeRel|x64
		{3383DF09-4BD0-351E-818E-5AB4340901AA}.MinSizeRel|x64.Build.0 = MinSizeRel|x64
		{3383DF09-4BD0-351E-818E-5AB4340901AA}.RelWithDebInfo|x64.ActiveCfg = RelWithDebInfo|x64
		{3383DF09-4BD0-351E-818E-5AB4340901AA}.RelWithDebInfo|x64.Build.0 = RelWithDebInfo|x64
		{06C50529-93ED-38E0-A651-CDD5A960CAF5}.Debug|x64.ActiveCfg = Debug|x64
		{06C50529-93ED-38E0-A651-CDD5A960CAF5}.Debug|x64.Build.0 = Debug|x64
		{06C50529-93ED-38E0-A651-CDD5A960CAF5}.Release|x64.ActiveCfg = Release|x64
		{06C50529-93ED-38E0-A651-CDD5A960CAF5}.Release|x64.Build.0 = Release|x64
		{06C50529-93ED-38E0-A651-CDD5A960CAF5}.MinSizeRel|x64.ActiveCfg = MinSizeRel|x64
		{06C50529-93ED-38E0-A651-CDD5A960CAF5}.MinSizeRel|x64.Build.0 = MinSizeRel|x64
		{06C50529-93ED-38E0-A651-CDD5A960CAF5}.RelWithDebInfo|x64.ActiveCfg = RelWithDebInfo|x64
		{06C50529-93ED-38E0-A651-CDD5A960CAF5}.RelWithDebInfo|x64.Build.0 = RelWithDebInfo|x64
	EndGlobalSection
	GlobalSection(ExtensibilityGlobals) = postSolution
	EndGlobalSection
	GlobalSection(ExtensibilityAddIns) = postSolution
	EndGlobalSection
EndGlobal
