<?xml version="1.0" encoding="UTF-8"?>
<Project ToolsVersion="14.0" xmlns="http://schemas.microsoft.com/developer/msbuild/2003">
  <ItemGroup>
    <CustomBuild Include="C:\MEDEA\src\ModelController\CMakeLists.txt" />
    <CustomBuild Include="C:\MEDEA\buildrelease\CMakeFiles\d6292d70cd4432361a983018bb747597\medea_modelcontroller_autogen.rule">
      <Filter>CMake Rules</Filter>
    </CustomBuild>
  </ItemGroup>
  <ItemGroup>
    <None Include="C:\MEDEA\buildrelease\ModelController\CMakeFiles\medea_modelcontroller_autogen" />
  </ItemGroup>
  <ItemGroup>
    <Filter Include="CMake Rules">
      <UniqueIdentifier>{F350F77E-A854-3299-931E-0BFB156B925B}</UniqueIdentifier>
    </Filter>
  </ItemGroup>
</Project>
