<?xml version="1.0" encoding="UTF-8"?>
<Project ToolsVersion="15.0" xmlns="http://schemas.microsoft.com/developer/msbuild/2003">
  <ItemGroup>
    <CustomBuild Include="C:\MEDEA\build32\CMakeFiles\9960330e6c48afb1e59fed2263000b34\generate.stamp.rule">
      <Filter>CMake Rules</Filter>
    </CustomBuild>
  </ItemGroup>
  <ItemGroup>
    <Filter Include="CMake Rules">
      <UniqueIdentifier>{9B7194FE-CF46-3831-8504-0BD4949C4563}</UniqueIdentifier>
    </Filter>
  </ItemGroup>
</Project>
