<?xml version="1.0" encoding="UTF-8"?>
<Project ToolsVersion="14.0" xmlns="http://schemas.microsoft.com/developer/msbuild/2003">
  <ItemGroup>
    <CustomBuild Include="C:\MEDEA\build642\CMakeFiles\b4430ccb6a628ca15d6980f0ed11cfd7\PACKAGE_force.rule">
      <Filter>CMake Rules</Filter>
    </CustomBuild>
  </ItemGroup>
  <ItemGroup>
    <Filter Include="CMake Rules">
      <UniqueIdentifier>{CD979387-4AFF-3612-A5B6-7BA3DE6FE7AB}</UniqueIdentifier>
    </Filter>
  </ItemGroup>
</Project>
