<?xml version="1.0" encoding="UTF-8"?>
<Project ToolsVersion="15.0" xmlns="http://schemas.microsoft.com/developer/msbuild/2003">
  <ItemGroup>
    <ClCompile Include="C:\MEDEA\src\ModelController\modelcontroller.cpp">
      <Filter>Source Files</Filter>
    </ClCompile>
    <ClCompile Include="C:\MEDEA\src\ModelController\entityfactory.cpp">
      <Filter>Source Files</Filter>
    </ClCompile>
    <ClCompile Include="C:\MEDEA\src\ModelController\tempentity.cpp">
      <Filter>Source Files</Filter>
    </ClCompile>
    <ClCompile Include="C:\MEDEA\src\ModelController\Entities\graphml.cpp">
      <Filter>Source Files</Filter>
    </ClCompile>
    <ClCompile Include="C:\MEDEA\src\ModelController\Entities\key.cpp">
      <Filter>Source Files</Filter>
    </ClCompile>
    <ClCompile Include="C:\MEDEA\src\ModelController\Entities\data.cpp">
      <Filter>Source Files</Filter>
    </ClCompile>
    <ClCompile Include="C:\MEDEA\src\ModelController\Entities\entity.cpp">
      <Filter>Source Files</Filter>
    </ClCompile>
    <ClCompile Include="C:\MEDEA\src\ModelController\Entities\node.cpp">
      <Filter>Source Files</Filter>
    </ClCompile>
    <ClCompile Include="C:\MEDEA\src\ModelController\Entities\edge.cpp">
      <Filter>Source Files</Filter>
    </ClCompile>
    <ClCompile Include="C:\MEDEA\src\ModelController\Entities\model.cpp">
      <Filter>Source Files</Filter>
    </ClCompile>
    <ClCompile Include="C:\MEDEA\src\ModelController\Entities\workerdefinitions.cpp">
      <Filter>Source Files</Filter>
    </ClCompile>
    <ClCompile Include="C:\MEDEA\src\ModelController\Entities\BehaviourDefinitions\attributeimpl.cpp">
      <Filter>Source Files</Filter>
    </ClCompile>
    <ClCompile Include="C:\MEDEA\src\ModelController\Entities\BehaviourDefinitions\behaviourdefinitions.cpp">
      <Filter>Source Files</Filter>
    </ClCompile>
    <ClCompile Include="C:\MEDEA\src\ModelController\Entities\BehaviourDefinitions\behaviournode.cpp">
      <Filter>Source Files</Filter>
    </ClCompile>
    <ClCompile Include="C:\MEDEA\src\ModelController\Entities\BehaviourDefinitions\branch.cpp">
      <Filter>Source Files</Filter>
    </ClCompile>
    <ClCompile Include="C:\MEDEA\src\ModelController\Entities\BehaviourDefinitions\branchstate.cpp">
      <Filter>Source Files</Filter>
    </ClCompile>
    <ClCompile Include="C:\MEDEA\src\ModelController\Entities\BehaviourDefinitions\componentimpl.cpp">
      <Filter>Source Files</Filter>
    </ClCompile>
    <ClCompile Include="C:\MEDEA\src\ModelController\Entities\BehaviourDefinitions\condition.cpp">
      <Filter>Source Files</Filter>
    </ClCompile>
    <ClCompile Include="C:\MEDEA\src\ModelController\Entities\BehaviourDefinitions\eventportimpl.cpp">
      <Filter>Source Files</Filter>
    </ClCompile>
    <ClCompile Include="C:\MEDEA\src\ModelController\Entities\BehaviourDefinitions\ineventportimpl.cpp">
      <Filter>Source Files</Filter>
    </ClCompile>
    <ClCompile Include="C:\MEDEA\src\ModelController\Entities\BehaviourDefinitions\inputparameter.cpp">
      <Filter>Source Files</Filter>
    </ClCompile>
    <ClCompile Include="C:\MEDEA\src\ModelController\Entities\BehaviourDefinitions\outeventportimpl.cpp">
      <Filter>Source Files</Filter>
    </ClCompile>
    <ClCompile Include="C:\MEDEA\src\ModelController\Entities\BehaviourDefinitions\parameter.cpp">
      <Filter>Source Files</Filter>
    </ClCompile>
    <ClCompile Include="C:\MEDEA\src\ModelController\Entities\BehaviourDefinitions\periodicevent.cpp">
      <Filter>Source Files</Filter>
    </ClCompile>
    <ClCompile Include="C:\MEDEA\src\ModelController\Entities\BehaviourDefinitions\process.cpp">
      <Filter>Source Files</Filter>
    </ClCompile>
    <ClCompile Include="C:\MEDEA\src\ModelController\Entities\BehaviourDefinitions\returnparameter.cpp">
      <Filter>Source Files</Filter>
    </ClCompile>
    <ClCompile Include="C:\MEDEA\src\ModelController\Entities\BehaviourDefinitions\termination.cpp">
      <Filter>Source Files</Filter>
    </ClCompile>
    <ClCompile Include="C:\MEDEA\src\ModelController\Entities\BehaviourDefinitions\variable.cpp">
      <Filter>Source Files</Filter>
    </ClCompile>
    <ClCompile Include="C:\MEDEA\src\ModelController\Entities\BehaviourDefinitions\whileloop.cpp">
      <Filter>Source Files</Filter>
    </ClCompile>
    <ClCompile Include="C:\MEDEA\src\ModelController\Entities\BehaviourDefinitions\workerprocess.cpp">
      <Filter>Source Files</Filter>
    </ClCompile>
    <ClCompile Include="C:\MEDEA\src\ModelController\Entities\BehaviourDefinitions\workload.cpp">
      <Filter>Source Files</Filter>
    </ClCompile>
    <ClCompile Include="C:\MEDEA\src\ModelController\Entities\DeploymentDefinitions\QOS\DDS\dds_deadlineqospolicy.cpp">
      <Filter>Source Files</Filter>
    </ClCompile>
    <ClCompile Include="C:\MEDEA\src\ModelController\Entities\DeploymentDefinitions\QOS\DDS\dds_destinationorderqospolicy.cpp">
      <Filter>Source Files</Filter>
    </ClCompile>
    <ClCompile Include="C:\MEDEA\src\ModelController\Entities\DeploymentDefinitions\QOS\DDS\dds_durabilityqospolicy.cpp">
      <Filter>Source Files</Filter>
    </ClCompile>
    <ClCompile Include="C:\MEDEA\src\ModelController\Entities\DeploymentDefinitions\QOS\DDS\dds_durabilityserviceqospolicy.cpp">
      <Filter>Source Files</Filter>
    </ClCompile>
    <ClCompile Include="C:\MEDEA\src\ModelController\Entities\DeploymentDefinitions\QOS\DDS\dds_entityfactoryqospolicy.cpp">
      <Filter>Source Files</Filter>
    </ClCompile>
    <ClCompile Include="C:\MEDEA\src\ModelController\Entities\DeploymentDefinitions\QOS\DDS\dds_groupdataqospolicy.cpp">
      <Filter>Source Files</Filter>
    </ClCompile>
    <ClCompile Include="C:\MEDEA\src\ModelController\Entities\DeploymentDefinitions\QOS\DDS\dds_historyqospolicy.cpp">
      <Filter>Source Files</Filter>
    </ClCompile>
    <ClCompile Include="C:\MEDEA\src\ModelController\Entities\DeploymentDefinitions\QOS\DDS\dds_latencybudgetqospolicy.cpp">
      <Filter>Source Files</Filter>
    </ClCompile>
    <ClCompile Include="C:\MEDEA\src\ModelController\Entities\DeploymentDefinitions\QOS\DDS\dds_lifespanqospolicy.cpp">
      <Filter>Source Files</Filter>
    </ClCompile>
    <ClCompile Include="C:\MEDEA\src\ModelController\Entities\DeploymentDefinitions\QOS\DDS\dds_livelinessqospolicy.cpp">
      <Filter>Source Files</Filter>
    </ClCompile>
    <ClCompile Include="C:\MEDEA\src\ModelController\Entities\DeploymentDefinitions\QOS\DDS\dds_ownershipqospolicy.cpp">
      <Filter>Source Files</Filter>
    </ClCompile>
    <ClCompile Include="C:\MEDEA\src\ModelController\Entities\DeploymentDefinitions\QOS\DDS\dds_ownershipstrengthqospolicy.cpp">
      <Filter>Source Files</Filter>
    </ClCompile>
    <ClCompile Include="C:\MEDEA\src\ModelController\Entities\DeploymentDefinitions\QOS\DDS\dds_partitionqospolicy.cpp">
      <Filter>Source Files</Filter>
    </ClCompile>
    <ClCompile Include="C:\MEDEA\src\ModelController\Entities\DeploymentDefinitions\QOS\DDS\dds_presentationqospolicy.cpp">
      <Filter>Source Files</Filter>
    </ClCompile>
    <ClCompile Include="C:\MEDEA\src\ModelController\Entities\DeploymentDefinitions\QOS\DDS\dds_qosprofile.cpp">
      <Filter>Source Files</Filter>
    </ClCompile>
    <ClCompile Include="C:\MEDEA\src\ModelController\Entities\DeploymentDefinitions\QOS\DDS\dds_readerdatalifecycleqospolicy.cpp">
      <Filter>Source Files</Filter>
    </ClCompile>
    <ClCompile Include="C:\MEDEA\src\ModelController\Entities\DeploymentDefinitions\QOS\DDS\dds_reliabilityqospolicy.cpp">
      <Filter>Source Files</Filter>
    </ClCompile>
    <ClCompile Include="C:\MEDEA\src\ModelController\Entities\DeploymentDefinitions\QOS\DDS\dds_resourcelimitsqospolicy.cpp">
      <Filter>Source Files</Filter>
    </ClCompile>
    <ClCompile Include="C:\MEDEA\src\ModelController\Entities\DeploymentDefinitions\QOS\DDS\dds_timebasedfilterqospolicy.cpp">
      <Filter>Source Files</Filter>
    </ClCompile>
    <ClCompile Include="C:\MEDEA\src\ModelController\Entities\DeploymentDefinitions\QOS\DDS\dds_topicdataqospolicy.cpp">
      <Filter>Source Files</Filter>
    </ClCompile>
    <ClCompile Include="C:\MEDEA\src\ModelController\Entities\DeploymentDefinitions\QOS\DDS\dds_transportpriorityqospolicy.cpp">
      <Filter>Source Files</Filter>
    </ClCompile>
    <ClCompile Include="C:\MEDEA\src\ModelController\Entities\DeploymentDefinitions\QOS\DDS\dds_userdataqospolicy.cpp">
      <Filter>Source Files</Filter>
    </ClCompile>
    <ClCompile Include="C:\MEDEA\src\ModelController\Entities\DeploymentDefinitions\QOS\DDS\dds_writerdatalifecycleqospolicy.cpp">
      <Filter>Source Files</Filter>
    </ClCompile>
    <ClCompile Include="C:\MEDEA\src\ModelController\Entities\DeploymentDefinitions\assemblydefinitions.cpp">
      <Filter>Source Files</Filter>
    </ClCompile>
    <ClCompile Include="C:\MEDEA\src\ModelController\Entities\DeploymentDefinitions\attributeinstance.cpp">
      <Filter>Source Files</Filter>
    </ClCompile>
    <ClCompile Include="C:\MEDEA\src\ModelController\Entities\DeploymentDefinitions\blackboxinstance.cpp">
      <Filter>Source Files</Filter>
    </ClCompile>
    <ClCompile Include="C:\MEDEA\src\ModelController\Entities\DeploymentDefinitions\componentassembly.cpp">
      <Filter>Source Files</Filter>
    </ClCompile>
    <ClCompile Include="C:\MEDEA\src\ModelController\Entities\DeploymentDefinitions\componentinstance.cpp">
      <Filter>Source Files</Filter>
    </ClCompile>
    <ClCompile Include="C:\MEDEA\src\ModelController\Entities\DeploymentDefinitions\deploymentdefinitions.cpp">
      <Filter>Source Files</Filter>
    </ClCompile>
    <ClCompile Include="C:\MEDEA\src\ModelController\Entities\DeploymentDefinitions\eventportdelegate.cpp">
      <Filter>Source Files</Filter>
    </ClCompile>
    <ClCompile Include="C:\MEDEA\src\ModelController\Entities\DeploymentDefinitions\hardwarecluster.cpp">
      <Filter>Source Files</Filter>
    </ClCompile>
    <ClCompile Include="C:\MEDEA\src\ModelController\Entities\DeploymentDefinitions\hardwaredefinitions.cpp">
      <Filter>Source Files</Filter>
    </ClCompile>
    <ClCompile Include="C:\MEDEA\src\ModelController\Entities\DeploymentDefinitions\hardwarenode.cpp">
      <Filter>Source Files</Filter>
    </ClCompile>
    <ClCompile Include="C:\MEDEA\src\ModelController\Entities\DeploymentDefinitions\ineventportdelegate.cpp">
      <Filter>Source Files</Filter>
    </ClCompile>
    <ClCompile Include="C:\MEDEA\src\ModelController\Entities\DeploymentDefinitions\ineventportinstance.cpp">
      <Filter>Source Files</Filter>
    </ClCompile>
    <ClCompile Include="C:\MEDEA\src\ModelController\Entities\DeploymentDefinitions\managementcomponent.cpp">
      <Filter>Source Files</Filter>
    </ClCompile>
    <ClCompile Include="C:\MEDEA\src\ModelController\Entities\DeploymentDefinitions\outeventportdelegate.cpp">
      <Filter>Source Files</Filter>
    </ClCompile>
    <ClCompile Include="C:\MEDEA\src\ModelController\Entities\DeploymentDefinitions\outeventportinstance.cpp">
      <Filter>Source Files</Filter>
    </ClCompile>
    <ClCompile Include="C:\MEDEA\src\ModelController\Entities\Edges\aggregateedge.cpp">
      <Filter>Source Files</Filter>
    </ClCompile>
    <ClCompile Include="C:\MEDEA\src\ModelController\Entities\Edges\assemblyedge.cpp">
      <Filter>Source Files</Filter>
    </ClCompile>
    <ClCompile Include="C:\MEDEA\src\ModelController\Entities\Edges\dataedge.cpp">
      <Filter>Source Files</Filter>
    </ClCompile>
    <ClCompile Include="C:\MEDEA\src\ModelController\Entities\Edges\definitionedge.cpp">
      <Filter>Source Files</Filter>
    </ClCompile>
    <ClCompile Include="C:\MEDEA\src\ModelController\Entities\Edges\deploymentedge.cpp">
      <Filter>Source Files</Filter>
    </ClCompile>
    <ClCompile Include="C:\MEDEA\src\ModelController\Entities\Edges\qosedge.cpp">
      <Filter>Source Files</Filter>
    </ClCompile>
    <ClCompile Include="C:\MEDEA\src\ModelController\Entities\Edges\workflowedge.cpp">
      <Filter>Source Files</Filter>
    </ClCompile>
    <ClCompile Include="C:\MEDEA\src\ModelController\Entities\InterfaceDefinitions\aggregate.cpp">
      <Filter>Source Files</Filter>
    </ClCompile>
    <ClCompile Include="C:\MEDEA\src\ModelController\Entities\InterfaceDefinitions\aggregateinstance.cpp">
      <Filter>Source Files</Filter>
    </ClCompile>
    <ClCompile Include="C:\MEDEA\src\ModelController\Entities\InterfaceDefinitions\attribute.cpp">
      <Filter>Source Files</Filter>
    </ClCompile>
    <ClCompile Include="C:\MEDEA\src\ModelController\Entities\InterfaceDefinitions\blackbox.cpp">
      <Filter>Source Files</Filter>
    </ClCompile>
    <ClCompile Include="C:\MEDEA\src\ModelController\Entities\InterfaceDefinitions\component.cpp">
      <Filter>Source Files</Filter>
    </ClCompile>
    <ClCompile Include="C:\MEDEA\src\ModelController\Entities\InterfaceDefinitions\datanode.cpp">
      <Filter>Source Files</Filter>
    </ClCompile>
    <ClCompile Include="C:\MEDEA\src\ModelController\Entities\InterfaceDefinitions\eventport.cpp">
      <Filter>Source Files</Filter>
    </ClCompile>
    <ClCompile Include="C:\MEDEA\src\ModelController\Entities\InterfaceDefinitions\idl.cpp">
      <Filter>Source Files</Filter>
    </ClCompile>
    <ClCompile Include="C:\MEDEA\src\ModelController\Entities\InterfaceDefinitions\ineventport.cpp">
      <Filter>Source Files</Filter>
    </ClCompile>
    <ClCompile Include="C:\MEDEA\src\ModelController\Entities\InterfaceDefinitions\interfacedefinitions.cpp">
      <Filter>Source Files</Filter>
    </ClCompile>
    <ClCompile Include="C:\MEDEA\src\ModelController\Entities\InterfaceDefinitions\member.cpp">
      <Filter>Source Files</Filter>
    </ClCompile>
    <ClCompile Include="C:\MEDEA\src\ModelController\Entities\InterfaceDefinitions\memberinstance.cpp">
      <Filter>Source Files</Filter>
    </ClCompile>
    <ClCompile Include="C:\MEDEA\src\ModelController\Entities\InterfaceDefinitions\outeventport.cpp">
      <Filter>Source Files</Filter>
    </ClCompile>
    <ClCompile Include="C:\MEDEA\src\ModelController\Entities\InterfaceDefinitions\vector.cpp">
      <Filter>Source Files</Filter>
    </ClCompile>
    <ClCompile Include="C:\MEDEA\src\ModelController\Entities\InterfaceDefinitions\vectorinstance.cpp">
      <Filter>Source Files</Filter>
    </ClCompile>
    <ClCompile Include="C:\MEDEA\src\ModelController\Entities\BehaviourDefinitions\variadicparameter.cpp">
      <Filter>Source Files</Filter>
    </ClCompile>
    <ClCompile Include="C:\MEDEA\src\ModelController\Entities\BehaviourDefinitions\code.cpp">
      <Filter>Source Files</Filter>
    </ClCompile>
    <ClCompile Include="C:\MEDEA\src\ModelController\Entities\BehaviourDefinitions\header.cpp">
      <Filter>Source Files</Filter>
    </ClCompile>
    <ClCompile Include="C:\MEDEA\src\ModelController\Entities\BehaviourDefinitions\forcondition.cpp">
      <Filter>Source Files</Filter>
    </ClCompile>
    <ClCompile Include="C:\MEDEA\src\ModelController\Entities\BehaviourDefinitions\setter.cpp">
      <Filter>Source Files</Filter>
    </ClCompile>
    <ClCompile Include="C:\MEDEA\src\ModelController\Entities\BehaviourDefinitions\variableparameter.cpp">
      <Filter>Source Files</Filter>
    </ClCompile>
    <ClCompile Include="C:\MEDEA\src\ModelController\Entities\DeploymentDefinitions\loggingprofile.cpp">
      <Filter>Source Files</Filter>
    </ClCompile>
    <ClCompile Include="C:\MEDEA\src\ModelController\Entities\DeploymentDefinitions\loggingserver.cpp">
      <Filter>Source Files</Filter>
    </ClCompile>
    <ClCompile Include="C:\MEDEA\src\ModelController\Entities\Keys\labelkey.cpp">
      <Filter>Source Files</Filter>
    </ClCompile>
    <ClCompile Include="C:\MEDEA\src\ModelController\Entities\Keys\indexkey.cpp">
      <Filter>Source Files</Filter>
    </ClCompile>
    <ClCompile Include="C:\MEDEA\build64\src\ModelController\medea_modelcontroller_automoc.cpp">
      <Filter>Source Files</Filter>
    </ClCompile>
    <ClCompile Include="C:\MEDEA\build64\src\ModelController\medea_modelcontroller_automoc.dir\qrc_workers_JKZ56KGMDRPXRG.cpp">
      <Filter>Source Files</Filter>
    </ClCompile>
  </ItemGroup>
  <ItemGroup>
    <ClInclude Include="C:\MEDEA\src\ModelController\modelcontroller.h">
      <Filter>Header Files</Filter>
    </ClInclude>
    <ClInclude Include="C:\MEDEA\src\ModelController\entityfactory.h">
      <Filter>Header Files</Filter>
    </ClInclude>
    <ClInclude Include="C:\MEDEA\src\ModelController\tempentity.h">
      <Filter>Header Files</Filter>
    </ClInclude>
    <ClInclude Include="C:\MEDEA\src\ModelController\Entities\graphml.h">
      <Filter>Header Files</Filter>
    </ClInclude>
    <ClInclude Include="C:\MEDEA\src\ModelController\Entities\key.h">
      <Filter>Header Files</Filter>
    </ClInclude>
    <ClInclude Include="C:\MEDEA\src\ModelController\Entities\data.h">
      <Filter>Header Files</Filter>
    </ClInclude>
    <ClInclude Include="C:\MEDEA\src\ModelController\Entities\entity.h">
      <Filter>Header Files</Filter>
    </ClInclude>
    <ClInclude Include="C:\MEDEA\src\ModelController\Entities\node.h">
      <Filter>Header Files</Filter>
    </ClInclude>
    <ClInclude Include="C:\MEDEA\src\ModelController\Entities\edge.h">
      <Filter>Header Files</Filter>
    </ClInclude>
    <ClInclude Include="C:\MEDEA\src\ModelController\Entities\model.h">
      <Filter>Header Files</Filter>
    </ClInclude>
    <ClInclude Include="C:\MEDEA\src\ModelController\Entities\workerdefinitions.h">
      <Filter>Header Files</Filter>
    </ClInclude>
    <ClInclude Include="C:\MEDEA\src\ModelController\Entities\BehaviourDefinitions\attributeimpl.h">
      <Filter>Header Files</Filter>
    </ClInclude>
    <ClInclude Include="C:\MEDEA\src\ModelController\Entities\BehaviourDefinitions\behaviourdefinitions.h">
      <Filter>Header Files</Filter>
    </ClInclude>
    <ClInclude Include="C:\MEDEA\src\ModelController\Entities\BehaviourDefinitions\behaviournode.h">
      <Filter>Header Files</Filter>
    </ClInclude>
    <ClInclude Include="C:\MEDEA\src\ModelController\Entities\BehaviourDefinitions\branch.h">
      <Filter>Header Files</Filter>
    </ClInclude>
    <ClInclude Include="C:\MEDEA\src\ModelController\Entities\BehaviourDefinitions\branchstate.h">
      <Filter>Header Files</Filter>
    </ClInclude>
    <ClInclude Include="C:\MEDEA\src\ModelController\Entities\BehaviourDefinitions\componentimpl.h">
      <Filter>Header Files</Filter>
    </ClInclude>
    <ClInclude Include="C:\MEDEA\src\ModelController\Entities\BehaviourDefinitions\condition.h">
      <Filter>Header Files</Filter>
    </ClInclude>
    <ClInclude Include="C:\MEDEA\src\ModelController\Entities\BehaviourDefinitions\eventportimpl.h">
      <Filter>Header Files</Filter>
    </ClInclude>
    <ClInclude Include="C:\MEDEA\src\ModelController\Entities\BehaviourDefinitions\ineventportimpl.h">
      <Filter>Header Files</Filter>
    </ClInclude>
    <ClInclude Include="C:\MEDEA\src\ModelController\Entities\BehaviourDefinitions\inputparameter.h">
      <Filter>Header Files</Filter>
    </ClInclude>
    <ClInclude Include="C:\MEDEA\src\ModelController\Entities\BehaviourDefinitions\outeventportimpl.h">
      <Filter>Header Files</Filter>
    </ClInclude>
    <ClInclude Include="C:\MEDEA\src\ModelController\Entities\BehaviourDefinitions\parameter.h">
      <Filter>Header Files</Filter>
    </ClInclude>
    <ClInclude Include="C:\MEDEA\src\ModelController\Entities\BehaviourDefinitions\periodicevent.h">
      <Filter>Header Files</Filter>
    </ClInclude>
    <ClInclude Include="C:\MEDEA\src\ModelController\Entities\BehaviourDefinitions\process.h">
      <Filter>Header Files</Filter>
    </ClInclude>
    <ClInclude Include="C:\MEDEA\src\ModelController\Entities\BehaviourDefinitions\returnparameter.h">
      <Filter>Header Files</Filter>
    </ClInclude>
    <ClInclude Include="C:\MEDEA\src\ModelController\Entities\BehaviourDefinitions\termination.h">
      <Filter>Header Files</Filter>
    </ClInclude>
    <ClInclude Include="C:\MEDEA\src\ModelController\Entities\BehaviourDefinitions\variable.h">
      <Filter>Header Files</Filter>
    </ClInclude>
    <ClInclude Include="C:\MEDEA\src\ModelController\Entities\BehaviourDefinitions\whileloop.h">
      <Filter>Header Files</Filter>
    </ClInclude>
    <ClInclude Include="C:\MEDEA\src\ModelController\Entities\BehaviourDefinitions\workerprocess.h">
      <Filter>Header Files</Filter>
    </ClInclude>
    <ClInclude Include="C:\MEDEA\src\ModelController\Entities\BehaviourDefinitions\workload.h">
      <Filter>Header Files</Filter>
    </ClInclude>
    <ClInclude Include="C:\MEDEA\src\ModelController\Entities\DeploymentDefinitions\QOS\DDS\dds_deadlineqospolicy.h">
      <Filter>Header Files</Filter>
    </ClInclude>
    <ClInclude Include="C:\MEDEA\src\ModelController\Entities\DeploymentDefinitions\QOS\DDS\dds_destinationorderqospolicy.h">
      <Filter>Header Files</Filter>
    </ClInclude>
    <ClInclude Include="C:\MEDEA\src\ModelController\Entities\DeploymentDefinitions\QOS\DDS\dds_durabilityqospolicy.h">
      <Filter>Header Files</Filter>
    </ClInclude>
    <ClInclude Include="C:\MEDEA\src\ModelController\Entities\DeploymentDefinitions\QOS\DDS\dds_durabilityserviceqospolicy.h">
      <Filter>Header Files</Filter>
    </ClInclude>
    <ClInclude Include="C:\MEDEA\src\ModelController\Entities\DeploymentDefinitions\QOS\DDS\dds_entityfactoryqospolicy.h">
      <Filter>Header Files</Filter>
    </ClInclude>
    <ClInclude Include="C:\MEDEA\src\ModelController\Entities\DeploymentDefinitions\QOS\DDS\dds_groupdataqospolicy.h">
      <Filter>Header Files</Filter>
    </ClInclude>
    <ClInclude Include="C:\MEDEA\src\ModelController\Entities\DeploymentDefinitions\QOS\DDS\dds_historyqospolicy.h">
      <Filter>Header Files</Filter>
    </ClInclude>
    <ClInclude Include="C:\MEDEA\src\ModelController\Entities\DeploymentDefinitions\QOS\DDS\dds_latencybudgetqospolicy.h">
      <Filter>Header Files</Filter>
    </ClInclude>
    <ClInclude Include="C:\MEDEA\src\ModelController\Entities\DeploymentDefinitions\QOS\DDS\dds_lifespanqospolicy.h">
      <Filter>Header Files</Filter>
    </ClInclude>
    <ClInclude Include="C:\MEDEA\src\ModelController\Entities\DeploymentDefinitions\QOS\DDS\dds_livelinessqospolicy.h">
      <Filter>Header Files</Filter>
    </ClInclude>
    <ClInclude Include="C:\MEDEA\src\ModelController\Entities\DeploymentDefinitions\QOS\DDS\dds_ownershipqospolicy.h">
      <Filter>Header Files</Filter>
    </ClInclude>
    <ClInclude Include="C:\MEDEA\src\ModelController\Entities\DeploymentDefinitions\QOS\DDS\dds_ownershipstrengthqospolicy.h">
      <Filter>Header Files</Filter>
    </ClInclude>
    <ClInclude Include="C:\MEDEA\src\ModelController\Entities\DeploymentDefinitions\QOS\DDS\dds_partitionqospolicy.h">
      <Filter>Header Files</Filter>
    </ClInclude>
    <ClInclude Include="C:\MEDEA\src\ModelController\Entities\DeploymentDefinitions\QOS\DDS\dds_presentationqospolicy.h">
      <Filter>Header Files</Filter>
    </ClInclude>
    <ClInclude Include="C:\MEDEA\src\ModelController\Entities\DeploymentDefinitions\QOS\DDS\dds_qosprofile.h">
      <Filter>Header Files</Filter>
    </ClInclude>
    <ClInclude Include="C:\MEDEA\src\ModelController\Entities\DeploymentDefinitions\QOS\DDS\dds_readerdatalifecycleqospolicy.h">
      <Filter>Header Files</Filter>
    </ClInclude>
    <ClInclude Include="C:\MEDEA\src\ModelController\Entities\DeploymentDefinitions\QOS\DDS\dds_reliabilityqospolicy.h">
      <Filter>Header Files</Filter>
    </ClInclude>
    <ClInclude Include="C:\MEDEA\src\ModelController\Entities\DeploymentDefinitions\QOS\DDS\dds_resourcelimitsqospolicy.h">
      <Filter>Header Files</Filter>
    </ClInclude>
    <ClInclude Include="C:\MEDEA\src\ModelController\Entities\DeploymentDefinitions\QOS\DDS\dds_timebasedfilterqospolicy.h">
      <Filter>Header Files</Filter>
    </ClInclude>
    <ClInclude Include="C:\MEDEA\src\ModelController\Entities\DeploymentDefinitions\QOS\DDS\dds_topicdataqospolicy.h">
      <Filter>Header Files</Filter>
    </ClInclude>
    <ClInclude Include="C:\MEDEA\src\ModelController\Entities\DeploymentDefinitions\QOS\DDS\dds_transportpriorityqospolicy.h">
      <Filter>Header Files</Filter>
    </ClInclude>
    <ClInclude Include="C:\MEDEA\src\ModelController\Entities\DeploymentDefinitions\QOS\DDS\dds_userdataqospolicy.h">
      <Filter>Header Files</Filter>
    </ClInclude>
    <ClInclude Include="C:\MEDEA\src\ModelController\Entities\DeploymentDefinitions\QOS\DDS\dds_writerdatalifecycleqospolicy.h">
      <Filter>Header Files</Filter>
    </ClInclude>
    <ClInclude Include="C:\MEDEA\src\ModelController\Entities\DeploymentDefinitions\assemblydefinitions.h">
      <Filter>Header Files</Filter>
    </ClInclude>
    <ClInclude Include="C:\MEDEA\src\ModelController\Entities\DeploymentDefinitions\attributeinstance.h">
      <Filter>Header Files</Filter>
    </ClInclude>
    <ClInclude Include="C:\MEDEA\src\ModelController\Entities\DeploymentDefinitions\blackboxinstance.h">
      <Filter>Header Files</Filter>
    </ClInclude>
    <ClInclude Include="C:\MEDEA\src\ModelController\Entities\DeploymentDefinitions\componentassembly.h">
      <Filter>Header Files</Filter>
    </ClInclude>
    <ClInclude Include="C:\MEDEA\src\ModelController\Entities\DeploymentDefinitions\componentinstance.h">
      <Filter>Header Files</Filter>
    </ClInclude>
    <ClInclude Include="C:\MEDEA\src\ModelController\Entities\DeploymentDefinitions\deploymentdefinitions.h">
      <Filter>Header Files</Filter>
    </ClInclude>
    <ClInclude Include="C:\MEDEA\src\ModelController\Entities\DeploymentDefinitions\eventportdelegate.h">
      <Filter>Header Files</Filter>
    </ClInclude>
    <ClInclude Include="C:\MEDEA\src\ModelController\Entities\DeploymentDefinitions\hardwarecluster.h">
      <Filter>Header Files</Filter>
    </ClInclude>
    <ClInclude Include="C:\MEDEA\src\ModelController\Entities\DeploymentDefinitions\hardwaredefinitions.h">
      <Filter>Header Files</Filter>
    </ClInclude>
    <ClInclude Include="C:\MEDEA\src\ModelController\Entities\DeploymentDefinitions\hardwarenode.h">
      <Filter>Header Files</Filter>
    </ClInclude>
    <ClInclude Include="C:\MEDEA\src\ModelController\Entities\DeploymentDefinitions\ineventportdelegate.h">
      <Filter>Header Files</Filter>
    </ClInclude>
    <ClInclude Include="C:\MEDEA\src\ModelController\Entities\DeploymentDefinitions\ineventportinstance.h">
      <Filter>Header Files</Filter>
    </ClInclude>
    <ClInclude Include="C:\MEDEA\src\ModelController\Entities\DeploymentDefinitions\managementcomponent.h">
      <Filter>Header Files</Filter>
    </ClInclude>
    <ClInclude Include="C:\MEDEA\src\ModelController\Entities\DeploymentDefinitions\outeventportdelegate.h">
      <Filter>Header Files</Filter>
    </ClInclude>
    <ClInclude Include="C:\MEDEA\src\ModelController\Entities\DeploymentDefinitions\outeventportinstance.h">
      <Filter>Header Files</Filter>
    </ClInclude>
    <ClInclude Include="C:\MEDEA\src\ModelController\Entities\Edges\aggregateedge.h">
      <Filter>Header Files</Filter>
    </ClInclude>
    <ClInclude Include="C:\MEDEA\src\ModelController\Entities\Edges\assemblyedge.h">
      <Filter>Header Files</Filter>
    </ClInclude>
    <ClInclude Include="C:\MEDEA\src\ModelController\Entities\Edges\dataedge.h">
      <Filter>Header Files</Filter>
    </ClInclude>
    <ClInclude Include="C:\MEDEA\src\ModelController\Entities\Edges\definitionedge.h">
      <Filter>Header Files</Filter>
    </ClInclude>
    <ClInclude Include="C:\MEDEA\src\ModelController\Entities\Edges\deploymentedge.h">
      <Filter>Header Files</Filter>
    </ClInclude>
    <ClInclude Include="C:\MEDEA\src\ModelController\Entities\Edges\qosedge.h">
      <Filter>Header Files</Filter>
    </ClInclude>
    <ClInclude Include="C:\MEDEA\src\ModelController\Entities\Edges\workflowedge.h">
      <Filter>Header Files</Filter>
    </ClInclude>
    <ClInclude Include="C:\MEDEA\src\ModelController\Entities\InterfaceDefinitions\aggregate.h">
      <Filter>Header Files</Filter>
    </ClInclude>
    <ClInclude Include="C:\MEDEA\src\ModelController\Entities\InterfaceDefinitions\aggregateinstance.h">
      <Filter>Header Files</Filter>
    </ClInclude>
    <ClInclude Include="C:\MEDEA\src\ModelController\Entities\InterfaceDefinitions\attribute.h">
      <Filter>Header Files</Filter>
    </ClInclude>
    <ClInclude Include="C:\MEDEA\src\ModelController\Entities\InterfaceDefinitions\blackbox.h">
      <Filter>Header Files</Filter>
    </ClInclude>
    <ClInclude Include="C:\MEDEA\src\ModelController\Entities\InterfaceDefinitions\component.h">
      <Filter>Header Files</Filter>
    </ClInclude>
    <ClInclude Include="C:\MEDEA\src\ModelController\Entities\InterfaceDefinitions\datanode.h">
      <Filter>Header Files</Filter>
    </ClInclude>
    <ClInclude Include="C:\MEDEA\src\ModelController\Entities\InterfaceDefinitions\eventport.h">
      <Filter>Header Files</Filter>
    </ClInclude>
    <ClInclude Include="C:\MEDEA\src\ModelController\Entities\InterfaceDefinitions\idl.h">
      <Filter>Header Files</Filter>
    </ClInclude>
    <ClInclude Include="C:\MEDEA\src\ModelController\Entities\InterfaceDefinitions\ineventport.h">
      <Filter>Header Files</Filter>
    </ClInclude>
    <ClInclude Include="C:\MEDEA\src\ModelController\Entities\InterfaceDefinitions\interfacedefinitions.h">
      <Filter>Header Files</Filter>
    </ClInclude>
    <ClInclude Include="C:\MEDEA\src\ModelController\Entities\InterfaceDefinitions\member.h">
      <Filter>Header Files</Filter>
    </ClInclude>
    <ClInclude Include="C:\MEDEA\src\ModelController\Entities\InterfaceDefinitions\memberinstance.h">
      <Filter>Header Files</Filter>
    </ClInclude>
    <ClInclude Include="C:\MEDEA\src\ModelController\Entities\InterfaceDefinitions\outeventport.h">
      <Filter>Header Files</Filter>
    </ClInclude>
    <ClInclude Include="C:\MEDEA\src\ModelController\Entities\InterfaceDefinitions\vector.h">
      <Filter>Header Files</Filter>
    </ClInclude>
    <ClInclude Include="C:\MEDEA\src\ModelController\Entities\InterfaceDefinitions\vectorinstance.h">
      <Filter>Header Files</Filter>
    </ClInclude>
    <ClInclude Include="C:\MEDEA\src\ModelController\Entities\BehaviourDefinitions\variadicparameter.h">
      <Filter>Header Files</Filter>
    </ClInclude>
    <ClInclude Include="C:\MEDEA\src\ModelController\Entities\BehaviourDefinitions\code.h">
      <Filter>Header Files</Filter>
    </ClInclude>
    <ClInclude Include="C:\MEDEA\src\ModelController\Entities\BehaviourDefinitions\header.h">
      <Filter>Header Files</Filter>
    </ClInclude>
    <ClInclude Include="C:\MEDEA\src\ModelController\Entities\BehaviourDefinitions\forcondition.h">
      <Filter>Header Files</Filter>
    </ClInclude>
    <ClInclude Include="C:\MEDEA\src\ModelController\Entities\BehaviourDefinitions\setter.h">
      <Filter>Header Files</Filter>
    </ClInclude>
    <ClInclude Include="C:\MEDEA\src\ModelController\Entities\BehaviourDefinitions\variableparameter.h">
      <Filter>Header Files</Filter>
    </ClInclude>
    <ClInclude Include="C:\MEDEA\src\ModelController\Entities\DeploymentDefinitions\loggingprofile.h">
      <Filter>Header Files</Filter>
    </ClInclude>
    <ClInclude Include="C:\MEDEA\src\ModelController\Entities\DeploymentDefinitions\loggingserver.h">
      <Filter>Header Files</Filter>
    </ClInclude>
    <ClInclude Include="C:\MEDEA\src\ModelController\Entities\Keys\labelkey.h">
      <Filter>Header Files</Filter>
    </ClInclude>
    <ClInclude Include="C:\MEDEA\src\ModelController\Entities\Keys\indexkey.h">
      <Filter>Header Files</Filter>
    </ClInclude>
  </ItemGroup>
  <ItemGroup>
    <CustomBuild Include="C:\MEDEA\src\ModelController\CMakeLists.txt" />
  </ItemGroup>
  <ItemGroup>
    <None Include="C:\MEDEA\src\ModelController\workers.qrc" />
  </ItemGroup>
  <ItemGroup>
    <Filter Include="Source Files">
      <UniqueIdentifier>{027B6878-48D0-3103-B637-238097DBE252}</UniqueIdentifier>
    </Filter>
    <Filter Include="Header Files">
      <UniqueIdentifier>{D4D3D911-1D53-3FAB-AC35-56B0AA869261}</UniqueIdentifier>
    </Filter>
  </ItemGroup>
</Project>
