<?xml version="1.0" encoding="UTF-8"?>
<Project ToolsVersion="15.0" xmlns="http://schemas.microsoft.com/developer/msbuild/2003">
  <ItemGroup>
    <ClCompile Include="C:\MEDEA\src\Controllers\ActionController\actioncontroller.cpp">
      <Filter>Source Files</Filter>
    </ClCompile>
    <ClCompile Include="C:\MEDEA\src\Controllers\SelectionController\selectioncontroller.cpp">
      <Filter>Source Files</Filter>
    </ClCompile>
    <ClCompile Include="C:\MEDEA\src\Controllers\SelectionController\selectionhandler.cpp">
      <Filter>Source Files</Filter>
    </ClCompile>
    <ClCompile Include="C:\MEDEA\src\Controllers\ToolbarController\nodeviewitemaction.cpp">
      <Filter>Source Files</Filter>
    </ClCompile>
    <ClCompile Include="C:\MEDEA\src\Controllers\ToolbarController\toolbarcontroller.cpp">
      <Filter>Source Files</Filter>
    </ClCompile>
    <ClCompile Include="C:\MEDEA\src\Controllers\ViewController\edgeviewitem.cpp">
      <Filter>Source Files</Filter>
    </ClCompile>
    <ClCompile Include="C:\MEDEA\src\Controllers\ViewController\nodeviewitem.cpp">
      <Filter>Source Files</Filter>
    </ClCompile>
    <ClCompile Include="C:\MEDEA\src\Controllers\ViewController\viewcontroller.cpp">
      <Filter>Source Files</Filter>
    </ClCompile>
    <ClCompile Include="C:\MEDEA\src\Controllers\ViewController\viewitem.cpp">
      <Filter>Source Files</Filter>
    </ClCompile>
    <ClCompile Include="C:\MEDEA\src\Controllers\WindowManager\windowmanager.cpp">
      <Filter>Source Files</Filter>
    </ClCompile>
    <ClCompile Include="C:\MEDEA\src\Controllers\SettingsController\settingscontroller.cpp">
      <Filter>Source Files</Filter>
    </ClCompile>
    <ClCompile Include="C:\MEDEA\src\Controllers\SettingsController\setting.cpp">
      <Filter>Source Files</Filter>
    </ClCompile>
    <ClCompile Include="C:\MEDEA\src\Utils\actiongroup.cpp">
      <Filter>Source Files</Filter>
    </ClCompile>
    <ClCompile Include="C:\MEDEA\src\Utils\filehandler.cpp">
      <Filter>Source Files</Filter>
    </ClCompile>
    <ClCompile Include="C:\MEDEA\src\Utils\qobjectregistrar.cpp">
      <Filter>Source Files</Filter>
    </ClCompile>
    <ClCompile Include="C:\MEDEA\src\Views\ContextToolbar\contexttoolbar.cpp">
      <Filter>Source Files</Filter>
    </ClCompile>
    <ClCompile Include="C:\MEDEA\src\Views\Dock\docktabwidget.cpp">
      <Filter>Source Files</Filter>
    </ClCompile>
    <ClCompile Include="C:\MEDEA\src\Views\Dock\dockwidget.cpp">
      <Filter>Source Files</Filter>
    </ClCompile>
    <ClCompile Include="C:\MEDEA\src\Views\Dock\dockwidgetactionitem.cpp">
      <Filter>Source Files</Filter>
    </ClCompile>
    <ClCompile Include="C:\MEDEA\src\Views\Dock\dockwidgetitem.cpp">
      <Filter>Source Files</Filter>
    </ClCompile>
    <ClCompile Include="C:\MEDEA\src\Views\Dock\dockwidgetparentactionitem.cpp">
      <Filter>Source Files</Filter>
    </ClCompile>
    <ClCompile Include="C:\MEDEA\src\Views\NodeView\SceneItems\Node\basicnodeitem.cpp">
      <Filter>Source Files</Filter>
    </ClCompile>
    <ClCompile Include="C:\MEDEA\src\Views\NodeView\SceneItems\Node\defaultnodeitem.cpp">
      <Filter>Source Files</Filter>
    </ClCompile>
    <ClCompile Include="C:\MEDEA\src\Views\NodeView\SceneItems\Node\hardwarenodeitem.cpp">
      <Filter>Source Files</Filter>
    </ClCompile>
    <ClCompile Include="C:\MEDEA\src\Views\NodeView\SceneItems\Node\managementcomponentnodeitem.cpp">
      <Filter>Source Files</Filter>
    </ClCompile>
    <ClCompile Include="C:\MEDEA\src\Views\NodeView\SceneItems\Node\nodeitem.cpp">
      <Filter>Source Files</Filter>
    </ClCompile>
    <ClCompile Include="C:\MEDEA\src\Views\NodeView\SceneItems\Node\stacknodeitem.cpp">
      <Filter>Source Files</Filter>
    </ClCompile>
    <ClCompile Include="C:\MEDEA\src\Views\NodeView\SceneItems\entityitem.cpp">
      <Filter>Source Files</Filter>
    </ClCompile>
    <ClCompile Include="C:\MEDEA\src\Views\NodeView\nodeview.cpp">
      <Filter>Source Files</Filter>
    </ClCompile>
    <ClCompile Include="C:\MEDEA\src\Views\NodeView\nodeviewminimap.cpp">
      <Filter>Source Files</Filter>
    </ClCompile>
    <ClCompile Include="C:\MEDEA\src\Views\QOSBrowser\qosbrowser.cpp">
      <Filter>Source Files</Filter>
    </ClCompile>
    <ClCompile Include="C:\MEDEA\src\Views\QOSBrowser\qosprofilemodel.cpp">
      <Filter>Source Files</Filter>
    </ClCompile>
    <ClCompile Include="C:\MEDEA\src\Views\Search\searchdialog.cpp">
      <Filter>Source Files</Filter>
    </ClCompile>
    <ClCompile Include="C:\MEDEA\src\Views\Search\searchitemwidget.cpp">
      <Filter>Source Files</Filter>
    </ClCompile>
    <ClCompile Include="C:\MEDEA\src\Views\Table\datatablemodel.cpp">
      <Filter>Source Files</Filter>
    </ClCompile>
    <ClCompile Include="C:\MEDEA\src\Views\Table\datatableview.cpp">
      <Filter>Source Files</Filter>
    </ClCompile>
    <ClCompile Include="C:\MEDEA\src\Views\Table\datatablewidget.cpp">
      <Filter>Source Files</Filter>
    </ClCompile>
    <ClCompile Include="C:\MEDEA\src\Widgets\CodeEditor\codebrowser.cpp">
      <Filter>Source Files</Filter>
    </ClCompile>
    <ClCompile Include="C:\MEDEA\src\Widgets\CodeEditor\codeeditor.cpp">
      <Filter>Source Files</Filter>
    </ClCompile>
    <ClCompile Include="C:\MEDEA\src\Widgets\CodeEditor\syntaxhighlighter.cpp">
      <Filter>Source Files</Filter>
    </ClCompile>
    <ClCompile Include="C:\MEDEA\src\Widgets\Dialogs\appsettings.cpp">
      <Filter>Source Files</Filter>
    </ClCompile>
    <ClCompile Include="C:\MEDEA\src\Widgets\Dialogs\popupwidget.cpp">
      <Filter>Source Files</Filter>
    </ClCompile>
    <ClCompile Include="C:\MEDEA\src\Widgets\Dialogs\shortcutdialog.cpp">
      <Filter>Source Files</Filter>
    </ClCompile>
    <ClCompile Include="C:\MEDEA\src\Widgets\ViewManager\viewmanagerwidget.cpp">
      <Filter>Source Files</Filter>
    </ClCompile>
    <ClCompile Include="C:\MEDEA\src\Widgets\Windows\welcomescreenwidget.cpp">
      <Filter>Source Files</Filter>
    </ClCompile>
    <ClCompile Include="C:\MEDEA\src\Widgets\dataeditwidget.cpp">
      <Filter>Source Files</Filter>
    </ClCompile>
    <ClCompile Include="C:\MEDEA\src\enumerations.cpp">
      <Filter>Source Files</Filter>
    </ClCompile>
    <ClCompile Include="C:\MEDEA\src\theme.cpp">
      <Filter>Source Files</Filter>
    </ClCompile>
    <ClCompile Include="C:\MEDEA\src\Widgets\Windows\centralwindow.cpp">
      <Filter>Source Files</Filter>
    </ClCompile>
    <ClCompile Include="C:\MEDEA\src\Widgets\Windows\mainwindow.cpp">
      <Filter>Source Files</Filter>
    </ClCompile>
    <ClCompile Include="C:\MEDEA\src\Widgets\Windows\subwindow.cpp">
      <Filter>Source Files</Filter>
    </ClCompile>
    <ClCompile Include="C:\MEDEA\src\Widgets\Windows\viewwindow.cpp">
      <Filter>Source Files</Filter>
    </ClCompile>
    <ClCompile Include="C:\MEDEA\src\Widgets\Windows\basewindow.cpp">
      <Filter>Source Files</Filter>
    </ClCompile>
    <ClCompile Include="C:\MEDEA\src\Widgets\DockWidgets\docktitlebar.cpp">
      <Filter>Source Files</Filter>
    </ClCompile>
    <ClCompile Include="C:\MEDEA\src\Widgets\DockWidgets\basedockwidget.cpp">
      <Filter>Source Files</Filter>
    </ClCompile>
    <ClCompile Include="C:\MEDEA\src\Widgets\DockWidgets\nodeviewdockwidget.cpp">
      <Filter>Source Files</Filter>
    </ClCompile>
    <ClCompile Include="C:\MEDEA\src\Widgets\DockWidgets\viewdockwidget.cpp">
      <Filter>Source Files</Filter>
    </ClCompile>
    <ClCompile Include="C:\MEDEA\src\Widgets\DockWidgets\tooldockwidget.cpp">
      <Filter>Source Files</Filter>
    </ClCompile>
    <ClCompile Include="C:\MEDEA\src\Utils\rootaction.cpp">
      <Filter>Source Files</Filter>
    </ClCompile>
    <ClCompile Include="C:\MEDEA\src\Views\Table\datatabledelegate.cpp">
      <Filter>Source Files</Filter>
    </ClCompile>
    <ClCompile Include="C:\MEDEA\src\Widgets\ViewManager\windowitem.cpp">
      <Filter>Source Files</Filter>
    </ClCompile>
    <ClCompile Include="C:\MEDEA\src\Widgets\ViewManager\dockitem.cpp">
      <Filter>Source Files</Filter>
    </ClCompile>
    <ClCompile Include="C:\MEDEA\src\Controllers\NotificationManager\notificationmanager.cpp">
      <Filter>Source Files</Filter>
    </ClCompile>
    <ClCompile Include="C:\MEDEA\src\Views\NodeView\SceneItems\Edge\edgeitem.cpp">
      <Filter>Source Files</Filter>
    </ClCompile>
    <ClCompile Include="C:\MEDEA\src\Views\Notification\notificationdialog.cpp">
      <Filter>Source Files</Filter>
    </ClCompile>
    <ClCompile Include="C:\MEDEA\src\Views\Notification\notificationobject.cpp">
      <Filter>Source Files</Filter>
    </ClCompile>
    <ClCompile Include="C:\MEDEA\src\Views\Notification\notificationtoolbar.cpp">
      <Filter>Source Files</Filter>
    </ClCompile>
    <ClCompile Include="C:\MEDEA\src\Views\Notification\notificationitem.cpp">
      <Filter>Source Files</Filter>
    </ClCompile>
    <ClCompile Include="C:\MEDEA\src\Utils\filtergroup.cpp">
      <Filter>Source Files</Filter>
    </ClCompile>
    <ClCompile Include="C:\MEDEA\src\Utils\processrunner.cpp">
      <Filter>Source Files</Filter>
    </ClCompile>
    <ClCompile Include="C:\MEDEA\src\Controllers\JenkinsManager\jenkinsmanager.cpp">
      <Filter>Source Files</Filter>
    </ClCompile>
    <ClCompile Include="C:\MEDEA\src\Controllers\JenkinsManager\jenkinsrequest.cpp">
      <Filter>Source Files</Filter>
    </ClCompile>
    <ClCompile Include="C:\MEDEA\src\Widgets\Jenkins\jenkinsjobmonitorwidget.cpp">
      <Filter>Source Files</Filter>
    </ClCompile>
    <ClCompile Include="C:\MEDEA\src\Widgets\Jenkins\jenkinsstartjobwidget.cpp">
      <Filter>Source Files</Filter>
    </ClCompile>
    <ClCompile Include="C:\MEDEA\src\Controllers\ExecutionManager\executionmanager.cpp">
      <Filter>Source Files</Filter>
    </ClCompile>
    <ClCompile Include="C:\MEDEA\src\main.cpp">
      <Filter>Source Files</Filter>
    </ClCompile>
    <ClCompile Include="C:\MEDEA\build32\src\MEDEA_automoc.cpp">
      <Filter>Source Files</Filter>
    </ClCompile>
    <ClCompile Include="C:\MEDEA\build32\src\MEDEA_automoc.dir\qrc_images_SQLXCHLCDTTV6R.cpp">
      <Filter>Source Files</Filter>
    </ClCompile>
  </ItemGroup>
  <ItemGroup>
    <ClInclude Include="C:\MEDEA\src\Controllers\ActionController\actioncontroller.h">
      <Filter>Header Files</Filter>
    </ClInclude>
    <ClInclude Include="C:\MEDEA\src\Controllers\SelectionController\selectioncontroller.h">
      <Filter>Header Files</Filter>
    </ClInclude>
    <ClInclude Include="C:\MEDEA\src\Controllers\SelectionController\selectionhandler.h">
      <Filter>Header Files</Filter>
    </ClInclude>
    <ClInclude Include="C:\MEDEA\src\Controllers\ToolbarController\nodeviewitemaction.h">
      <Filter>Header Files</Filter>
    </ClInclude>
    <ClInclude Include="C:\MEDEA\src\Controllers\ToolbarController\toolbarcontroller.h">
      <Filter>Header Files</Filter>
    </ClInclude>
    <ClInclude Include="C:\MEDEA\src\Controllers\ViewController\edgeviewitem.h">
      <Filter>Header Files</Filter>
    </ClInclude>
    <ClInclude Include="C:\MEDEA\src\Controllers\ViewController\nodeviewitem.h">
      <Filter>Header Files</Filter>
    </ClInclude>
    <ClInclude Include="C:\MEDEA\src\Controllers\ViewController\viewcontroller.h">
      <Filter>Header Files</Filter>
    </ClInclude>
    <ClInclude Include="C:\MEDEA\src\Controllers\ViewController\viewitem.h">
      <Filter>Header Files</Filter>
    </ClInclude>
    <ClInclude Include="C:\MEDEA\src\Controllers\SettingsController\settingscontroller.h">
      <Filter>Header Files</Filter>
    </ClInclude>
    <ClInclude Include="C:\MEDEA\src\Controllers\SettingsController\setting.h">
      <Filter>Header Files</Filter>
    </ClInclude>
    <ClInclude Include="C:\MEDEA\src\Utils\actiongroup.h">
      <Filter>Header Files</Filter>
    </ClInclude>
    <ClInclude Include="C:\MEDEA\src\Utils\filehandler.h">
      <Filter>Header Files</Filter>
    </ClInclude>
    <ClInclude Include="C:\MEDEA\src\Utils\qobjectregistrar.h">
      <Filter>Header Files</Filter>
    </ClInclude>
    <ClInclude Include="C:\MEDEA\src\Views\ContextToolbar\contexttoolbar.h">
      <Filter>Header Files</Filter>
    </ClInclude>
    <ClInclude Include="C:\MEDEA\src\Views\Dock\docktabwidget.h">
      <Filter>Header Files</Filter>
    </ClInclude>
    <ClInclude Include="C:\MEDEA\src\Views\Dock\dockwidget.h">
      <Filter>Header Files</Filter>
    </ClInclude>
    <ClInclude Include="C:\MEDEA\src\Views\Dock\dockwidgetactionitem.h">
      <Filter>Header Files</Filter>
    </ClInclude>
    <ClInclude Include="C:\MEDEA\src\Views\Dock\dockwidgetitem.h">
      <Filter>Header Files</Filter>
    </ClInclude>
    <ClInclude Include="C:\MEDEA\src\Views\Dock\dockwidgetparentactionitem.h">
      <Filter>Header Files</Filter>
    </ClInclude>
    <ClInclude Include="C:\MEDEA\src\Views\NodeView\SceneItems\Node\basicnodeitem.h">
      <Filter>Header Files</Filter>
    </ClInclude>
    <ClInclude Include="C:\MEDEA\src\Views\NodeView\SceneItems\Node\defaultnodeitem.h">
      <Filter>Header Files</Filter>
    </ClInclude>
    <ClInclude Include="C:\MEDEA\src\Views\NodeView\SceneItems\Node\hardwarenodeitem.h">
      <Filter>Header Files</Filter>
    </ClInclude>
    <ClInclude Include="C:\MEDEA\src\Views\NodeView\SceneItems\Node\managementcomponentnodeitem.h">
      <Filter>Header Files</Filter>
    </ClInclude>
    <ClInclude Include="C:\MEDEA\src\Views\NodeView\SceneItems\Node\nodeitem.h">
      <Filter>Header Files</Filter>
    </ClInclude>
    <ClInclude Include="C:\MEDEA\src\Views\NodeView\SceneItems\Node\stacknodeitem.h">
      <Filter>Header Files</Filter>
    </ClInclude>
    <ClInclude Include="C:\MEDEA\src\Views\NodeView\SceneItems\entityitem.h">
      <Filter>Header Files</Filter>
    </ClInclude>
    <ClInclude Include="C:\MEDEA\src\Views\NodeView\nodeview.h">
      <Filter>Header Files</Filter>
    </ClInclude>
    <ClInclude Include="C:\MEDEA\src\Views\NodeView\nodeviewminimap.h">
      <Filter>Header Files</Filter>
    </ClInclude>
    <ClInclude Include="C:\MEDEA\src\Views\QOSBrowser\qosbrowser.h">
      <Filter>Header Files</Filter>
    </ClInclude>
    <ClInclude Include="C:\MEDEA\src\Views\QOSBrowser\qosprofilemodel.h">
      <Filter>Header Files</Filter>
    </ClInclude>
    <ClInclude Include="C:\MEDEA\src\Views\Search\searchdialog.h">
      <Filter>Header Files</Filter>
    </ClInclude>
    <ClInclude Include="C:\MEDEA\src\Views\Search\searchitemwidget.h">
      <Filter>Header Files</Filter>
    </ClInclude>
    <ClInclude Include="C:\MEDEA\src\Views\Table\datatablemodel.h">
      <Filter>Header Files</Filter>
    </ClInclude>
    <ClInclude Include="C:\MEDEA\src\Views\Table\datatableview.h">
      <Filter>Header Files</Filter>
    </ClInclude>
    <ClInclude Include="C:\MEDEA\src\Views\Table\datatablewidget.h">
      <Filter>Header Files</Filter>
    </ClInclude>
    <ClInclude Include="C:\MEDEA\src\Widgets\CodeEditor\codebrowser.h">
      <Filter>Header Files</Filter>
    </ClInclude>
    <ClInclude Include="C:\MEDEA\src\Widgets\CodeEditor\codeeditor.h">
      <Filter>Header Files</Filter>
    </ClInclude>
    <ClInclude Include="C:\MEDEA\src\Widgets\CodeEditor\syntaxhighlighter.h">
      <Filter>Header Files</Filter>
    </ClInclude>
    <ClInclude Include="C:\MEDEA\src\Widgets\Dialogs\appsettings.h">
      <Filter>Header Files</Filter>
    </ClInclude>
    <ClInclude Include="C:\MEDEA\src\Widgets\Dialogs\popupwidget.h">
      <Filter>Header Files</Filter>
    </ClInclude>
    <ClInclude Include="C:\MEDEA\src\Widgets\Dialogs\shortcutdialog.h">
      <Filter>Header Files</Filter>
    </ClInclude>
    <ClInclude Include="C:\MEDEA\src\Widgets\ViewManager\viewmanagerwidget.h">
      <Filter>Header Files</Filter>
    </ClInclude>
    <ClInclude Include="C:\MEDEA\src\Widgets\Windows\welcomescreenwidget.h">
      <Filter>Header Files</Filter>
    </ClInclude>
    <ClInclude Include="C:\MEDEA\src\Widgets\dataeditwidget.h">
      <Filter>Header Files</Filter>
    </ClInclude>
    <ClInclude Include="C:\MEDEA\src\enumerations.h">
      <Filter>Header Files</Filter>
    </ClInclude>
    <ClInclude Include="C:\MEDEA\src\theme.h">
      <Filter>Header Files</Filter>
    </ClInclude>
    <ClInclude Include="C:\MEDEA\src\Widgets\Windows\centralwindow.h">
      <Filter>Header Files</Filter>
    </ClInclude>
    <ClInclude Include="C:\MEDEA\src\Widgets\Windows\mainwindow.h">
      <Filter>Header Files</Filter>
    </ClInclude>
    <ClInclude Include="C:\MEDEA\src\Widgets\Windows\subwindow.h">
      <Filter>Header Files</Filter>
    </ClInclude>
    <ClInclude Include="C:\MEDEA\src\Widgets\Windows\basewindow.h">
      <Filter>Header Files</Filter>
    </ClInclude>
    <ClInclude Include="C:\MEDEA\src\Widgets\Windows\viewwindow.h">
      <Filter>Header Files</Filter>
    </ClInclude>
    <ClInclude Include="C:\MEDEA\src\Widgets\DockWidgets\basedockwidget.h">
      <Filter>Header Files</Filter>
    </ClInclude>
    <ClInclude Include="C:\MEDEA\src\Widgets\DockWidgets\docktitlebar.h">
      <Filter>Header Files</Filter>
    </ClInclude>
    <ClInclude Include="C:\MEDEA\src\Widgets\DockWidgets\nodeviewdockwidget.h">
      <Filter>Header Files</Filter>
    </ClInclude>
    <ClInclude Include="C:\MEDEA\src\Widgets\DockWidgets\tooldockwidget.h">
      <Filter>Header Files</Filter>
    </ClInclude>
    <ClInclude Include="C:\MEDEA\src\Widgets\DockWidgets\viewdockwidget.h">
      <Filter>Header Files</Filter>
    </ClInclude>
    <ClInclude Include="C:\MEDEA\src\Utils\rootaction.h">
      <Filter>Header Files</Filter>
    </ClInclude>
    <ClInclude Include="C:\MEDEA\src\Utils\doublehash.h">
      <Filter>Header Files</Filter>
    </ClInclude>
    <ClInclude Include="C:\MEDEA\src\Controllers\WindowManager\windowmanager.h">
      <Filter>Header Files</Filter>
    </ClInclude>
    <ClInclude Include="C:\MEDEA\src\Views\Table\datatabledelegate.h">
      <Filter>Header Files</Filter>
    </ClInclude>
    <ClInclude Include="C:\MEDEA\src\Widgets\ViewManager\windowitem.h">
      <Filter>Header Files</Filter>
    </ClInclude>
    <ClInclude Include="C:\MEDEA\src\Widgets\ViewManager\dockitem.h">
      <Filter>Header Files</Filter>
    </ClInclude>
    <ClInclude Include="C:\MEDEA\src\Controllers\NotificationManager\notificationmanager.h">
      <Filter>Header Files</Filter>
    </ClInclude>
    <ClInclude Include="C:\MEDEA\src\Views\NodeView\SceneItems\Edge\edgeitem.h">
      <Filter>Header Files</Filter>
    </ClInclude>
    <ClInclude Include="C:\MEDEA\src\Views\Notification\notificationdialog.h">
      <Filter>Header Files</Filter>
    </ClInclude>
    <ClInclude Include="C:\MEDEA\src\Views\Notification\notificationobject.h">
      <Filter>Header Files</Filter>
    </ClInclude>
    <ClInclude Include="C:\MEDEA\src\Views\Notification\notificationtoolbar.h">
      <Filter>Header Files</Filter>
    </ClInclude>
    <ClInclude Include="C:\MEDEA\src\Views\Notification\notificationitem.h">
      <Filter>Header Files</Filter>
    </ClInclude>
    <ClInclude Include="C:\MEDEA\src\Utils\filtergroup.h">
      <Filter>Header Files</Filter>
    </ClInclude>
    <ClInclude Include="C:\MEDEA\src\Utils\processrunner.h">
      <Filter>Header Files</Filter>
    </ClInclude>
    <ClInclude Include="C:\MEDEA\src\Controllers\JenkinsManager\jenkinsmanager.h">
      <Filter>Header Files</Filter>
    </ClInclude>
    <ClInclude Include="C:\MEDEA\src\Controllers\JenkinsManager\jenkinsrequest.h">
      <Filter>Header Files</Filter>
    </ClInclude>
    <ClInclude Include="C:\MEDEA\src\Widgets\Jenkins\jenkinsjobmonitorwidget.h">
      <Filter>Header Files</Filter>
    </ClInclude>
    <ClInclude Include="C:\MEDEA\src\Widgets\Jenkins\jenkinsstartjobwidget.h">
      <Filter>Header Files</Filter>
    </ClInclude>
    <ClInclude Include="C:\MEDEA\src\Controllers\ExecutionManager\executionmanager.h">
      <Filter>Header Files</Filter>
    </ClInclude>
  </ItemGroup>
  <ItemGroup>
    <CustomBuild Include="C:\MEDEA\src\CMakeLists.txt" />
  </ItemGroup>
  <ItemGroup>
    <None Include="C:\MEDEA\src\images.qrc" />
    <None Include="C:\MEDEA\scripts\Jenkins_Construct_GraphMLNodesList.groovy" />
    <None Include="C:\MEDEA\lib\Saxon\saxon.jar" />
  </ItemGroup>
  <ItemGroup>
    <Filter Include="Source Files">
      <UniqueIdentifier>{9196FF5A-2D72-3D64-95EB-C60A7EF3D9D1}</UniqueIdentifier>
    </Filter>
    <Filter Include="Header Files">
      <UniqueIdentifier>{C01C2D69-964C-3140-ADFC-931F8C8177A3}</UniqueIdentifier>
    </Filter>
  </ItemGroup>
</Project>
