<?xml version="1.0" encoding="UTF-8"?>
<Project ToolsVersion="15.0" xmlns="http://schemas.microsoft.com/developer/msbuild/2003">
  <ItemGroup>
    <CustomBuild Include="C:\MEDEA\src\CMakeLists.txt" />
    <CustomBuild Include="C:\MEDEA\build64\CMakeFiles\244ce2118fbd2bcc16297801f5e1e333\MEDEA_automoc.rule">
      <Filter>CMake Rules</Filter>
    </CustomBuild>
  </ItemGroup>
  <ItemGroup>
    <None Include="C:\MEDEA\build64\src\CMakeFiles\MEDEA_automoc" />
  </ItemGroup>
  <ItemGroup>
    <Filter Include="CMake Rules">
      <UniqueIdentifier>{B3300688-B12B-3FEF-93EF-B599A21AF2C2}</UniqueIdentifier>
    </Filter>
  </ItemGroup>
</Project>
